// !$*UTF8*$!
{
	archiveVersion = 1;
	classes = {
	};
	objectVersion = 56;
	objects = {

/* Begin PBXBuildFile section */
		5AAD74202BE5313E001D353B /* GithubRepositorySearchApp.swift in Sources */ = {isa = PBXBuildFile; fileRef = 5AAD741F2BE5313E001D353B /* GithubRepositorySearchApp.swift */; };
		5AAD74242BE5313F001D353B /* Assets.xcassets in Resources */ = {isa = PBXBuildFile; fileRef = 5AAD74232BE5313F001D353B /* Assets.xcassets */; };
		5AAD74282BE5313F001D353B /* Preview Assets.xcassets in Resources */ = {isa = PBXBuildFile; fileRef = 5AAD74272BE5313F001D353B /* Preview Assets.xcassets */; };
		5AAD74322BE53140001D353B /* GithubRepositorySearchTests.swift in Sources */ = {isa = PBXBuildFile; fileRef = 5AAD74312BE53140001D353B /* GithubRepositorySearchTests.swift */; };
		5AAD74512BE5370D001D353B /* RepositoryListView.swift in Sources */ = {isa = PBXBuildFile; fileRef = 5AAD74502BE5370D001D353B /* RepositoryListView.swift */; };
		5AAD74552BE53A01001D353B /* RepositoryModel.swift in Sources */ = {isa = PBXBuildFile; fileRef = 5AAD74542BE53A01001D353B /* RepositoryModel.swift */; };
		5AAD74572BE53A23001D353B /* SearchRepository.swift in Sources */ = {isa = PBXBuildFile; fileRef = 5AAD74562BE53A23001D353B /* SearchRepository.swift */; };
		5AAD74592BE53A40001D353B /* GitHubGraphQLService.swift in Sources */ = {isa = PBXBuildFile; fileRef = 5AAD74582BE53A40001D353B /* GitHubGraphQLService.swift */; };
		5AAD745B2BE53AC4001D353B /* Const.swift in Sources */ = {isa = PBXBuildFile; fileRef = 5AAD745A2BE53AC4001D353B /* Const.swift */; };
/* End PBXBuildFile section */

/* Begin PBXContainerItemProxy section */
		5AAD742E2BE53140001D353B /* PBXContainerItemProxy */ = {
			isa = PBXContainerItemProxy;
			containerPortal = 5AAD74142BE5313E001D353B /* Project object */;
			proxyType = 1;
			remoteGlobalIDString = 5AAD741B2BE5313E001D353B;
			remoteInfo = GithubRepositorySearch;
		};
		5AAD74382BE53140001D353B /* PBXContainerItemProxy */ = {
			isa = PBXContainerItemProxy;
			containerPortal = 5AAD74142BE5313E001D353B /* Project object */;
			proxyType = 1;
			remoteGlobalIDString = 5AAD741B2BE5313E001D353B;
			remoteInfo = GithubRepositorySearch;
		};
/* End PBXContainerItemProxy section */

/* Begin PBXFileReference section */
		5AAD741C2BE5313E001D353B /* GithubRepositorySearch.app */ = {isa = PBXFileReference; explicitFileType = wrapper.application; includeInIndex = 0; path = GithubRepositorySearch.app; sourceTree = BUILT_PRODUCTS_DIR; };
		5AAD741F2BE5313E001D353B /* GithubRepositorySearchApp.swift */ = {isa = PBXFileReference; lastKnownFileType = sourcecode.swift; path = GithubRepositorySearchApp.swift; sourceTree = "<group>"; };
		5AAD74232BE5313F001D353B /* Assets.xcassets */ = {isa = PBXFileReference; lastKnownFileType = folder.assetcatalog; path = Assets.xcassets; sourceTree = "<group>"; };
		5AAD74252BE5313F001D353B /* GithubRepositorySearch.entitlements */ = {isa = PBXFileReference; lastKnownFileType = text.plist.entitlements; path = GithubRepositorySearch.entitlements; sourceTree = "<group>"; };
		5AAD74272BE5313F001D353B /* Preview Assets.xcassets */ = {isa = PBXFileReference; lastKnownFileType = folder.assetcatalog; path = "Preview Assets.xcassets"; sourceTree = "<group>"; };
		5AAD742D2BE53140001D353B /* GithubRepositorySearchTests.xctest */ = {isa = PBXFileReference; explicitFileType = wrapper.cfbundle; includeInIndex = 0; path = GithubRepositorySearchTests.xctest; sourceTree = BUILT_PRODUCTS_DIR; };
		5AAD74312BE53140001D353B /* GithubRepositorySearchTests.swift */ = {isa = PBXFileReference; lastKnownFileType = sourcecode.swift; path = GithubRepositorySearchTests.swift; sourceTree = "<group>"; };
		5AAD74372BE53140001D353B /* GithubRepositorySearchUITests.xctest */ = {isa = PBXFileReference; explicitFileType = wrapper.cfbundle; includeInIndex = 0; path = GithubRepositorySearchUITests.xctest; sourceTree = BUILT_PRODUCTS_DIR; };
		5AAD74502BE5370D001D353B /* RepositoryListView.swift */ = {isa = PBXFileReference; lastKnownFileType = sourcecode.swift; path = RepositoryListView.swift; sourceTree = SOURCE_ROOT; };
		5AAD74542BE53A01001D353B /* RepositoryModel.swift */ = {isa = PBXFileReference; lastKnownFileType = sourcecode.swift; path = RepositoryModel.swift; sourceTree = "<group>"; };
		5AAD74562BE53A23001D353B /* SearchRepository.swift */ = {isa = PBXFileReference; lastKnownFileType = sourcecode.swift; path = SearchRepository.swift; sourceTree = "<group>"; };
		5AAD74582BE53A40001D353B /* GitHubGraphQLService.swift */ = {isa = PBXFileReference; lastKnownFileType = sourcecode.swift; path = GitHubGraphQLService.swift; sourceTree = "<group>"; };
		5AAD745A2BE53AC4001D353B /* Const.swift */ = {isa = PBXFileReference; lastKnownFileType = sourcecode.swift; path = Const.swift; sourceTree = "<group>"; };
/* End PBXFileReference section */

/* Begin PBXFrameworksBuildPhase section */
		5AAD74192BE5313E001D353B /* Frameworks */ = {
			isa = PBXFrameworksBuildPhase;
			buildActionMask = 2147483647;
			files = (
			);
			runOnlyForDeploymentPostprocessing = 0;
		};
		5AAD742A2BE53140001D353B /* Frameworks */ = {
			isa = PBXFrameworksBuildPhase;
			buildActionMask = 2147483647;
			files = (
			);
			runOnlyForDeploymentPostprocessing = 0;
		};
		5AAD74342BE53140001D353B /* Frameworks */ = {
			isa = PBXFrameworksBuildPhase;
			buildActionMask = 2147483647;
			files = (
			);
			runOnlyForDeploymentPostprocessing = 0;
		};
/* End PBXFrameworksBuildPhase section */

/* Begin PBXGroup section */
		5AAD74132BE5313E001D353B = {
			isa = PBXGroup;
			children = (
				5AAD741E2BE5313E001D353B /* GithubRepositorySearch */,
				5AAD74302BE53140001D353B /* GithubRepositorySearchTests */,
				5AAD741D2BE5313E001D353B /* Products */,
			);
			sourceTree = "<group>";
		};
		5AAD741D2BE5313E001D353B /* Products */ = {
			isa = PBXGroup;
			children = (
				5AAD741C2BE5313E001D353B /* GithubRepositorySearch.app */,
				5AAD742D2BE53140001D353B /* GithubRepositorySearchTests.xctest */,
				5AAD74372BE53140001D353B /* GithubRepositorySearchUITests.xctest */,
			);
			name = Products;
			sourceTree = "<group>";
		};
		5AAD741E2BE5313E001D353B /* GithubRepositorySearch */ = {
			isa = PBXGroup;
			children = (
				5AAD744A2BE53434001D353B /* Screen */,
				5AAD744E2BE5346F001D353B /* Model */,
				5AAD744B2BE5344B001D353B /* Repository */,
				5AAD744C2BE53456001D353B /* Service */,
				5AAD744D2BE53463001D353B /* CoreData */,
				5AAD741F2BE5313E001D353B /* GithubRepositorySearchApp.swift */,
				5AAD745A2BE53AC4001D353B /* Const.swift */,
				5AAD74232BE5313F001D353B /* Assets.xcassets */,
				5AAD74252BE5313F001D353B /* GithubRepositorySearch.entitlements */,
				5AAD74262BE5313F001D353B /* Preview Content */,
			);
			path = GithubRepositorySearch;
			sourceTree = "<group>";
		};
		5AAD74262BE5313F001D353B /* Preview Content */ = {
			isa = PBXGroup;
			children = (
				5AAD74272BE5313F001D353B /* Preview Assets.xcassets */,
			);
			path = "Preview Content";
			sourceTree = "<group>";
		};
		5AAD74302BE53140001D353B /* GithubRepositorySearchTests */ = {
			isa = PBXGroup;
			children = (
				5AAD74312BE53140001D353B /* GithubRepositorySearchTests.swift */,
			);
			path = GithubRepositorySearchTests;
			sourceTree = "<group>";
		};
		5AAD744A2BE53434001D353B /* Screen */ = {
			isa = PBXGroup;
			children = (
				5AAD744F2BE536E6001D353B /* RepositoryList */,
			);
			path = Screen;
			sourceTree = "<group>";
		};
		5AAD744B2BE5344B001D353B /* Repository */ = {
			isa = PBXGroup;
			children = (
				5AAD74562BE53A23001D353B /* SearchRepository.swift */,
			);
			path = Repository;
			sourceTree = "<group>";
		};
		5AAD744C2BE53456001D353B /* Service */ = {
			isa = PBXGroup;
			children = (
				5AAD74582BE53A40001D353B /* GitHubGraphQLService.swift */,
			);
			path = Service;
			sourceTree = "<group>";
		};
		5AAD744D2BE53463001D353B /* CoreData */ = {
			isa = PBXGroup;
			children = (
			);
			path = CoreData;
			sourceTree = "<group>";
		};
		5AAD744E2BE5346F001D353B /* Model */ = {
			isa = PBXGroup;
			children = (
				5AAD74542BE53A01001D353B /* RepositoryModel.swift */,
			);
			path = Model;
			sourceTree = "<group>";
		};
		5AAD744F2BE536E6001D353B /* RepositoryList */ = {
			isa = PBXGroup;
			children = (
				5AAD74502BE5370D001D353B /* RepositoryListView.swift */,
			);
			path = RepositoryList;
			sourceTree = "<group>";
		};
/* End PBXGroup section */

/* Begin PBXNativeTarget section */
		5AAD741B2BE5313E001D353B /* GithubRepositorySearch */ = {
			isa = PBXNativeTarget;
			buildConfigurationList = 5AAD74412BE53140001D353B /* Build configuration list for PBXNativeTarget "GithubRepositorySearch" */;
			buildPhases = (
				5AAD74182BE5313E001D353B /* Sources */,
				5AAD74192BE5313E001D353B /* Frameworks */,
				5AAD741A2BE5313E001D353B /* Resources */,
			);
			buildRules = (
			);
			dependencies = (
			);
			name = GithubRepositorySearch;
			productName = GithubRepositorySearch;
			productReference = 5AAD741C2BE5313E001D353B /* GithubRepositorySearch.app */;
			productType = "com.apple.product-type.application";
		};
		5AAD742C2BE53140001D353B /* GithubRepositorySearchTests */ = {
			isa = PBXNativeTarget;
			buildConfigurationList = 5AAD74442BE53140001D353B /* Build configuration list for PBXNativeTarget "GithubRepositorySearchTests" */;
			buildPhases = (
				5AAD74292BE53140001D353B /* Sources */,
				5AAD742A2BE53140001D353B /* Frameworks */,
				5AAD742B2BE53140001D353B /* Resources */,
			);
			buildRules = (
			);
			dependencies = (
				5AAD742F2BE53140001D353B /* PBXTargetDependency */,
			);
			name = GithubRepositorySearchTests;
			productName = GithubRepositorySearchTests;
			productReference = 5AAD742D2BE53140001D353B /* GithubRepositorySearchTests.xctest */;
			productType = "com.apple.product-type.bundle.unit-test";
		};
		5AAD74362BE53140001D353B /* GithubRepositorySearchUITests */ = {
			isa = PBXNativeTarget;
			buildConfigurationList = 5AAD74472BE53140001D353B /* Build configuration list for PBXNativeTarget "GithubRepositorySearchUITests" */;
			buildPhases = (
				5AAD74332BE53140001D353B /* Sources */,
				5AAD74342BE53140001D353B /* Frameworks */,
				5AAD74352BE53140001D353B /* Resources */,
			);
			buildRules = (
			);
			dependencies = (
				5AAD74392BE53140001D353B /* PBXTargetDependency */,
			);
			name = GithubRepositorySearchUITests;
			productName = GithubRepositorySearchUITests;
			productReference = 5AAD74372BE53140001D353B /* GithubRepositorySearchUITests.xctest */;
			productType = "com.apple.product-type.bundle.ui-testing";
		};
/* End PBXNativeTarget section */

/* Begin PBXProject section */
		5AAD74142BE5313E001D353B /* Project object */ = {
			isa = PBXProject;
			attributes = {
				BuildIndependentTargetsInParallel = 1;
				LastSwiftUpdateCheck = 1520;
				LastUpgradeCheck = 1520;
				TargetAttributes = {
					5AAD741B2BE5313E001D353B = {
						CreatedOnToolsVersion = 15.2;
					};
					5AAD742C2BE53140001D353B = {
						CreatedOnToolsVersion = 15.2;
						TestTargetID = 5AAD741B2BE5313E001D353B;
					};
					5AAD74362BE53140001D353B = {
						CreatedOnToolsVersion = 15.2;
						TestTargetID = 5AAD741B2BE5313E001D353B;
					};
				};
			};
			buildConfigurationList = 5AAD74172BE5313E001D353B /* Build configuration list for PBXProject "GithubRepositorySearch" */;
			compatibilityVersion = "Xcode 14.0";
			developmentRegion = en;
			hasScannedForEncodings = 0;
			knownRegions = (
				en,
				Base,
			);
			mainGroup = 5AAD74132BE5313E001D353B;
			productRefGroup = 5AAD741D2BE5313E001D353B /* Products */;
			projectDirPath = "";
			projectRoot = "";
			targets = (
				5AAD741B2BE5313E001D353B /* GithubRepositorySearch */,
				5AAD742C2BE53140001D353B /* GithubRepositorySearchTests */,
				5AAD74362BE53140001D353B /* GithubRepositorySearchUITests */,
			);
		};
/* End PBXProject section */

/* Begin PBXResourcesBuildPhase section */
		5AAD741A2BE5313E001D353B /* Resources */ = {
			isa = PBXResourcesBuildPhase;
			buildActionMask = 2147483647;
			files = (
				5AAD74282BE5313F001D353B /* Preview Assets.xcassets in Resources */,
				5AAD74242BE5313F001D353B /* Assets.xcassets in Resources */,
			);
			runOnlyForDeploymentPostprocessing = 0;
		};
		5AAD742B2BE53140001D353B /* Resources */ = {
			isa = PBXResourcesBuildPhase;
			buildActionMask = 2147483647;
			files = (
			);
			runOnlyForDeploymentPostprocessing = 0;
		};
		5AAD74352BE53140001D353B /* Resources */ = {
			isa = PBXResourcesBuildPhase;
			buildActionMask = 2147483647;
			files = (
			);
			runOnlyForDeploymentPostprocessing = 0;
		};
/* End PBXResourcesBuildPhase section */

/* Begin PBXSourcesBuildPhase section */
		5AAD74182BE5313E001D353B /* Sources */ = {
			isa = PBXSourcesBuildPhase;
			buildActionMask = 2147483647;
			files = (
				5AAD74552BE53A01001D353B /* RepositoryModel.swift in Sources */,
				5AAD74512BE5370D001D353B /* RepositoryListView.swift in Sources */,
				5AAD74202BE5313E001D353B /* GithubRepositorySearchApp.swift in Sources */,
				5AAD74572BE53A23001D353B /* SearchRepository.swift in Sources */,
				5AAD74592BE53A40001D353B /* GitHubGraphQLService.swift in Sources */,
				5AAD745B2BE53AC4001D353B /* Const.swift in Sources */,
			);
			runOnlyForDeploymentPostprocessing = 0;
		};
		5AAD74292BE53140001D353B /* Sources */ = {
			isa = PBXSourcesBuildPhase;
			buildActionMask = 2147483647;
			files = (
				5AAD74322BE53140001D353B /* GithubRepositorySearchTests.swift in Sources */,
			);
			runOnlyForDeploymentPostprocessing = 0;
		};
		5AAD74332BE53140001D353B /* Sources */ = {
			isa = PBXSourcesBuildPhase;
			buildActionMask = 2147483647;
			files = (
			);
			runOnlyForDeploymentPostprocessing = 0;
		};
/* End PBXSourcesBuildPhase section */

/* Begin PBXTargetDependency section */
		5AAD742F2BE53140001D353B /* PBXTargetDependency */ = {
			isa = PBXTargetDependency;
			target = 5AAD741B2BE5313E001D353B /* GithubRepositorySearch */;
			targetProxy = 5AAD742E2BE53140001D353B /* PBXContainerItemProxy */;
		};
		5AAD74392BE53140001D353B /* PBXTargetDependency */ = {
			isa = PBXTargetDependency;
			target = 5AAD741B2BE5313E001D353B /* GithubRepositorySearch */;
			targetProxy = 5AAD74382BE53140001D353B /* PBXContainerItemProxy */;
		};
/* End PBXTargetDependency section */

/* Begin XCBuildConfiguration section */
		5AAD743F2BE53140001D353B /* Debug */ = {
			isa = XCBuildConfiguration;
			buildSettings = {
				ALWAYS_SEARCH_USER_PATHS = NO;
				ASSETCATALOG_COMPILER_GENERATE_SWIFT_ASSET_SYMBOL_EXTENSIONS = YES;
				CLANG_ANALYZER_NONNULL = YES;
				CLANG_ANALYZER_NUMBER_OBJECT_CONVERSION = YES_AGGRESSIVE;
				CLANG_CXX_LANGUAGE_STANDARD = "gnu++20";
				CLANG_ENABLE_MODULES = YES;
				CLANG_ENABLE_OBJC_ARC = YES;
				CLANG_ENABLE_OBJC_WEAK = YES;
				CLANG_WARN_BLOCK_CAPTURE_AUTORELEASING = YES;
				CLANG_WARN_BOOL_CONVERSION = YES;
				CLANG_WARN_COMMA = YES;
				CLANG_WARN_CONSTANT_CONVERSION = YES;
				CLANG_WARN_DEPRECATED_OBJC_IMPLEMENTATIONS = YES;
				CLANG_WARN_DIRECT_OBJC_ISA_USAGE = YES_ERROR;
				CLANG_WARN_DOCUMENTATION_COMMENTS = YES;
				CLANG_WARN_EMPTY_BODY = YES;
				CLANG_WARN_ENUM_CONVERSION = YES;
				CLANG_WARN_INFINITE_RECURSION = YES;
				CLANG_WARN_INT_CONVERSION = YES;
				CLANG_WARN_NON_LITERAL_NULL_CONVERSION = YES;
				CLANG_WARN_OBJC_IMPLICIT_RETAIN_SELF = YES;
				CLANG_WARN_OBJC_LITERAL_CONVERSION = YES;
				CLANG_WARN_OBJC_ROOT_CLASS = YES_ERROR;
				CLANG_WARN_QUOTED_INCLUDE_IN_FRAMEWORK_HEADER = YES;
				CLANG_WARN_RANGE_LOOP_ANALYSIS = YES;
				CLANG_WARN_STRICT_PROTOTYPES = YES;
				CLANG_WARN_SUSPICIOUS_MOVE = YES;
				CLANG_WARN_UNGUARDED_AVAILABILITY = YES_AGGRESSIVE;
				CLANG_WARN_UNREACHABLE_CODE = YES;
				CLANG_WARN__DUPLICATE_METHOD_MATCH = YES;
				COPY_PHASE_STRIP = NO;
				DEBUG_INFORMATION_FORMAT = dwarf;
				ENABLE_STRICT_OBJC_MSGSEND = YES;
				ENABLE_TESTABILITY = YES;
				ENABLE_USER_SCRIPT_SANDBOXING = YES;
				GCC_C_LANGUAGE_STANDARD = gnu17;
				GCC_DYNAMIC_NO_PIC = NO;
				GCC_NO_COMMON_BLOCKS = YES;
				GCC_OPTIMIZATION_LEVEL = 0;
				GCC_PREPROCESSOR_DEFINITIONS = (
					"DEBUG=1",
					"$(inherited)",
				);
				GCC_WARN_64_TO_32_BIT_CONVERSION = YES;
				GCC_WARN_ABOUT_RETURN_TYPE = YES_ERROR;
				GCC_WARN_UNDECLARED_SELECTOR = YES;
				GCC_WARN_UNINITIALIZED_AUTOS = YES_AGGRESSIVE;
				GCC_WARN_UNUSED_FUNCTION = YES;
				GCC_WARN_UNUSED_VARIABLE = YES;
				LOCALIZATION_PREFERS_STRING_CATALOGS = YES;
				MTL_ENABLE_DEBUG_INFO = INCLUDE_SOURCE;
				MTL_FAST_MATH = YES;
				ONLY_ACTIVE_ARCH = YES;
				SWIFT_ACTIVE_COMPILATION_CONDITIONS = "DEBUG $(inherited)";
				SWIFT_OPTIMIZATION_LEVEL = "-Onone";
			};
			name = Debug;
		};
		5AAD74402BE53140001D353B /* Release */ = {
			isa = XCBuildConfiguration;
			buildSettings = {
				ALWAYS_SEARCH_USER_PATHS = NO;
				ASSETCATALOG_COMPILER_GENERATE_SWIFT_ASSET_SYMBOL_EXTENSIONS = YES;
				CLANG_ANALYZER_NONNULL = YES;
				CLANG_ANALYZER_NUMBER_OBJECT_CONVERSION = YES_AGGRESSIVE;
				CLANG_CXX_LANGUAGE_STANDARD = "gnu++20";
				CLANG_ENABLE_MODULES = YES;
				CLANG_ENABLE_OBJC_ARC = YES;
				CLANG_ENABLE_OBJC_WEAK = YES;
				CLANG_WARN_BLOCK_CAPTURE_AUTORELEASING = YES;
				CLANG_WARN_BOOL_CONVERSION = YES;
				CLANG_WARN_COMMA = YES;
				CLANG_WARN_CONSTANT_CONVERSION = YES;
				CLANG_WARN_DEPRECATED_OBJC_IMPLEMENTATIONS = YES;
				CLANG_WARN_DIRECT_OBJC_ISA_USAGE = YES_ERROR;
				CLANG_WARN_DOCUMENTATION_COMMENTS = YES;
				CLANG_WARN_EMPTY_BODY = YES;
				CLANG_WARN_ENUM_CONVERSION = YES;
				CLANG_WARN_INFINITE_RECURSION = YES;
				CLANG_WARN_INT_CONVERSION = YES;
				CLANG_WARN_NON_LITERAL_NULL_CONVERSION = YES;
				CLANG_WARN_OBJC_IMPLICIT_RETAIN_SELF = YES;
				CLANG_WARN_OBJC_LITERAL_CONVERSION = YES;
				CLANG_WARN_OBJC_ROOT_CLASS = YES_ERROR;
				CLANG_WARN_QUOTED_INCLUDE_IN_FRAMEWORK_HEADER = YES;
				CLANG_WARN_RANGE_LOOP_ANALYSIS = YES;
				CLANG_WARN_STRICT_PROTOTYPES = YES;
				CLANG_WARN_SUSPICIOUS_MOVE = YES;
				CLANG_WARN_UNGUARDED_AVAILABILITY = YES_AGGRESSIVE;
				CLANG_WARN_UNREACHABLE_CODE = YES;
				CLANG_WARN__DUPLICATE_METHOD_MATCH = YES;
				COPY_PHASE_STRIP = NO;
				DEBUG_INFORMATION_FORMAT = "dwarf-with-dsym";
				ENABLE_NS_ASSERTIONS = NO;
				ENABLE_STRICT_OBJC_MSGSEND = YES;
				ENABLE_USER_SCRIPT_SANDBOXING = YES;
				GCC_C_LANGUAGE_STANDARD = gnu17;
				GCC_NO_COMMON_BLOCKS = YES;
				GCC_WARN_64_TO_32_BIT_CONVERSION = YES;
				GCC_WARN_ABOUT_RETURN_TYPE = YES_ERROR;
				GCC_WARN_UNDECLARED_SELECTOR = YES;
				GCC_WARN_UNINITIALIZED_AUTOS = YES_AGGRESSIVE;
				GCC_WARN_UNUSED_FUNCTION = YES;
				GCC_WARN_UNUSED_VARIABLE = YES;
				LOCALIZATION_PREFERS_STRING_CATALOGS = YES;
				MTL_ENABLE_DEBUG_INFO = NO;
				MTL_FAST_MATH = YES;
				SWIFT_COMPILATION_MODE = wholemodule;
			};
			name = Release;
		};
		5AAD74422BE53140001D353B /* Debug */ = {
			isa = XCBuildConfiguration;
			buildSettings = {
				ASSETCATALOG_COMPILER_APPICON_NAME = AppIcon;
				ASSETCATALOG_COMPILER_GLOBAL_ACCENT_COLOR_NAME = AccentColor;
				CODE_SIGN_ENTITLEMENTS = GithubRepositorySearch/GithubRepositorySearch.entitlements;
				CODE_SIGN_STYLE = Automatic;
				CURRENT_PROJECT_VERSION = 1;
				DEVELOPMENT_ASSET_PATHS = "\"GithubRepositorySearch/Preview Content\"";
				ENABLE_PREVIEWS = YES;
				GENERATE_INFOPLIST_FILE = YES;
				"INFOPLIST_KEY_UIApplicationSceneManifest_Generation[sdk=iphoneos*]" = YES;
				"INFOPLIST_KEY_UIApplicationSceneManifest_Generation[sdk=iphonesimulator*]" = YES;
				"INFOPLIST_KEY_UIApplicationSupportsIndirectInputEvents[sdk=iphoneos*]" = YES;
				"INFOPLIST_KEY_UIApplicationSupportsIndirectInputEvents[sdk=iphonesimulator*]" = YES;
				"INFOPLIST_KEY_UILaunchScreen_Generation[sdk=iphoneos*]" = YES;
				"INFOPLIST_KEY_UILaunchScreen_Generation[sdk=iphonesimulator*]" = YES;
				"INFOPLIST_KEY_UIStatusBarStyle[sdk=iphoneos*]" = UIStatusBarStyleDefault;
				"INFOPLIST_KEY_UIStatusBarStyle[sdk=iphonesimulator*]" = UIStatusBarStyleDefault;
				INFOPLIST_KEY_UISupportedInterfaceOrientations_iPad = "UIInterfaceOrientationPortrait UIInterfaceOrientationPortraitUpsideDown UIInterfaceOrientationLandscapeLeft UIInterfaceOrientationLandscapeRight";
				INFOPLIST_KEY_UISupportedInterfaceOrientations_iPhone = "UIInterfaceOrientationPortrait UIInterfaceOrientationLandscapeLeft UIInterfaceOrientationLandscapeRight";
				IPHONEOS_DEPLOYMENT_TARGET = 17.2;
				LD_RUNPATH_SEARCH_PATHS = "@executable_path/Frameworks";
				"LD_RUNPATH_SEARCH_PATHS[sdk=macosx*]" = "@executable_path/../Frameworks";
				MACOSX_DEPLOYMENT_TARGET = 14.2;
				MARKETING_VERSION = 1.0;
				PRODUCT_BUNDLE_IDENTIFIER = yt.GithubRepositorySearch;
				PRODUCT_NAME = "$(TARGET_NAME)";
				SDKROOT = auto;
				SUPPORTED_PLATFORMS = "iphoneos iphonesimulator macosx";
				SWIFT_EMIT_LOC_STRINGS = YES;
				SWIFT_VERSION = 5.0;
				TARGETED_DEVICE_FAMILY = "1,2";
			};
			name = Debug;
		};
		5AAD74432BE53140001D353B /* Release */ = {
			isa = XCBuildConfiguration;
			buildSettings = {
				ASSETCATALOG_COMPILER_APPICON_NAME = AppIcon;
				ASSETCATALOG_COMPILER_GLOBAL_ACCENT_COLOR_NAME = AccentColor;
				CODE_SIGN_ENTITLEMENTS = GithubRepositorySearch/GithubRepositorySearch.entitlements;
				CODE_SIGN_STYLE = Automatic;
				CURRENT_PROJECT_VERSION = 1;
				DEVELOPMENT_ASSET_PATHS = "\"GithubRepositorySearch/Preview Content\"";
				ENABLE_PREVIEWS = YES;
				GENERATE_INFOPLIST_FILE = YES;
				"INFOPLIST_KEY_UIApplicationSceneManifest_Generation[sdk=iphoneos*]" = YES;
				"INFOPLIST_KEY_UIApplicationSceneManifest_Generation[sdk=iphonesimulator*]" = YES;
				"INFOPLIST_KEY_UIApplicationSupportsIndirectInputEvents[sdk=iphoneos*]" = YES;
				"INFOPLIST_KEY_UIApplicationSupportsIndirectInputEvents[sdk=iphonesimulator*]" = YES;
				"INFOPLIST_KEY_UILaunchScreen_Generation[sdk=iphoneos*]" = YES;
				"INFOPLIST_KEY_UILaunchScreen_Generation[sdk=iphonesimulator*]" = YES;
				"INFOPLIST_KEY_UIStatusBarStyle[sdk=iphoneos*]" = UIStatusBarStyleDefault;
				"INFOPLIST_KEY_UIStatusBarStyle[sdk=iphonesimulator*]" = UIStatusBarStyleDefault;
				INFOPLIST_KEY_UISupportedInterfaceOrientations_iPad = "UIInterfaceOrientationPortrait UIInterfaceOrientationPortraitUpsideDown UIInterfaceOrientationLandscapeLeft UIInterfaceOrientationLandscapeRight";
				INFOPLIST_KEY_UISupportedInterfaceOrientations_iPhone = "UIInterfaceOrientationPortrait UIInterfaceOrientationLandscapeLeft UIInterfaceOrientationLandscapeRight";
				IPHONEOS_DEPLOYMENT_TARGET = 17.2;
				LD_RUNPATH_SEARCH_PATHS = "@executable_path/Frameworks";
				"LD_RUNPATH_SEARCH_PATHS[sdk=macosx*]" = "@executable_path/../Frameworks";
				MACOSX_DEPLOYMENT_TARGET = 14.2;
				MARKETING_VERSION = 1.0;
				PRODUCT_BUNDLE_IDENTIFIER = yt.GithubRepositorySearch;
				PRODUCT_NAME = "$(TARGET_NAME)";
				SDKROOT = auto;
				SUPPORTED_PLATFORMS = "iphoneos iphonesimulator macosx";
				SWIFT_EMIT_LOC_STRINGS = YES;
				SWIFT_VERSION = 5.0;
				TARGETED_DEVICE_FAMILY = "1,2";
			};
			name = Release;
		};
		5AAD74452BE53140001D353B /* Debug */ = {
			isa = XCBuildConfiguration;
			buildSettings = {
				ALWAYS_EMBED_SWIFT_STANDARD_LIBRARIES = YES;
				BUNDLE_LOADER = "$(TEST_HOST)";
				CODE_SIGN_STYLE = Automatic;
				CURRENT_PROJECT_VERSION = 1;
				GENERATE_INFOPLIST_FILE = YES;
				IPHONEOS_DEPLOYMENT_TARGET = 17.2;
				MACOSX_DEPLOYMENT_TARGET = 14.2;
				MARKETING_VERSION = 1.0;
				PRODUCT_BUNDLE_IDENTIFIER = yt.GithubRepositorySearchTests;
				PRODUCT_NAME = "$(TARGET_NAME)";
				SDKROOT = auto;
				SUPPORTED_PLATFORMS = "iphoneos iphonesimulator macosx";
				SWIFT_EMIT_LOC_STRINGS = NO;
				SWIFT_VERSION = 5.0;
				TARGETED_DEVICE_FAMILY = "1,2";
				TEST_HOST = "$(BUILT_PRODUCTS_DIR)/GithubRepositorySearch.app/$(BUNDLE_EXECUTABLE_FOLDER_PATH)/GithubRepositorySearch";
			};
			name = Debug;
		};
		5AAD74462BE53140001D353B /* Release */ = {
			isa = XCBuildConfiguration;
			buildSettings = {
				ALWAYS_EMBED_SWIFT_STANDARD_LIBRARIES = YES;
				BUNDLE_LOADER = "$(TEST_HOST)";
				CODE_SIGN_STYLE = Automatic;
				CURRENT_PROJECT_VERSION = 1;
				GENERATE_INFOPLIST_FILE = YES;
				IPHONEOS_DEPLOYMENT_TARGET = 17.2;
				MACOSX_DEPLOYMENT_TARGET = 14.2;
				MARKETING_VERSION = 1.0;
				PRODUCT_BUNDLE_IDENTIFIER = yt.GithubRepositorySearchTests;
				PRODUCT_NAME = "$(TARGET_NAME)";
				SDKROOT = auto;
				SUPPORTED_PLATFORMS = "iphoneos iphonesimulator macosx";
				SWIFT_EMIT_LOC_STRINGS = NO;
				SWIFT_VERSION = 5.0;
				TARGETED_DEVICE_FAMILY = "1,2";
				TEST_HOST = "$(BUILT_PRODUCTS_DIR)/GithubRepositorySearch.app/$(BUNDLE_EXECUTABLE_FOLDER_PATH)/GithubRepositorySearch";
			};
			name = Release;
		};
		5AAD74482BE53140001D353B /* Debug */ = {
			isa = XCBuildConfiguration;
			buildSettings = {
				ALWAYS_EMBED_SWIFT_STANDARD_LIBRARIES = YES;
				CODE_SIGN_STYLE = Automatic;
				CURRENT_PROJECT_VERSION = 1;
				GENERATE_INFOPLIST_FILE = YES;
				IPHONEOS_DEPLOYMENT_TARGET = 17.2;
				MACOSX_DEPLOYMENT_TARGET = 14.2;
				MARKETING_VERSION = 1.0;
				PRODUCT_BUNDLE_IDENTIFIER = yt.GithubRepositorySearchUITests;
				PRODUCT_NAME = "$(TARGET_NAME)";
				SDKROOT = auto;
				SUPPORTED_PLATFORMS = "iphoneos iphonesimulator macosx";
				SWIFT_EMIT_LOC_STRINGS = NO;
				SWIFT_VERSION = 5.0;
				TARGETED_DEVICE_FAMILY = "1,2";
				TEST_TARGET_NAME = GithubRepositorySearch;
			};
			name = Debug;
		};
		5AAD74492BE53140001D353B /* Release */ = {
			isa = XCBuildConfiguration;
			buildSettings = {
				ALWAYS_EMBED_SWIFT_STANDARD_LIBRARIES = YES;
				CODE_SIGN_STYLE = Automatic;
				CURRENT_PROJECT_VERSION = 1;
				GENERATE_INFOPLIST_FILE = YES;
				IPHONEOS_DEPLOYMENT_TARGET = 17.2;
				MACOSX_DEPLOYMENT_TARGET = 14.2;
				MARKETING_VERSION = 1.0;
				PRODUCT_BUNDLE_IDENTIFIER = yt.GithubRepositorySearchUITests;
				PRODUCT_NAME = "$(TARGET_NAME)";
				SDKROOT = auto;
				SUPPORTED_PLATFORMS = "iphoneos iphonesimulator macosx";
				SWIFT_EMIT_LOC_STRINGS = NO;
				SWIFT_VERSION = 5.0;
				TARGETED_DEVICE_FAMILY = "1,2";
				TEST_TARGET_NAME = GithubRepositorySearch;
			};
			name = Release;
		};
/* End XCBuildConfiguration section */

/* Begin XCConfigurationList section */
		5AAD74172BE5313E001D353B /* Build configuration list for PBXProject "GithubRepositorySearch" */ = {
			isa = XCConfigurationList;
			buildConfigurations = (
				5AAD743F2BE53140001D353B /* Debug */,
				5AAD74402BE53140001D353B /* Release */,
			);
			defaultConfigurationIsVisible = 0;
			defaultConfigurationName = Release;
		};
		5AAD74412BE53140001D353B /* Build configuration list for PBXNativeTarget "GithubRepositorySearch" */ = {
			isa = XCConfigurationList;
			buildConfigurations = (
				5AAD74422BE53140001D353B /* Debug */,
				5AAD74432BE53140001D353B /* Release */,
			);
			defaultConfigurationIsVisible = 0;
			defaultConfigurationName = Release;
		};
		5AAD74442BE53140001D353B /* Build configuration list for PBXNativeTarget "GithubRepositorySearchTests" */ = {
			isa = XCConfigurationList;
			buildConfigurations = (
				5AAD74452BE53140001D353B /* Debug */,
				5AAD74462BE53140001D353B /* Release */,
			);
			defaultConfigurationIsVisible = 0;
			defaultConfigurationName = Release;
		};
		5AAD74472BE53140001D353B /* Build configuration list for PBXNativeTarget "GithubRepositorySearchUITests" */ = {
			isa = XCConfigurationList;
			buildConfigurations = (
				5AAD74482BE53140001D353B /* Debug */,
				5AAD74492BE53140001D353B /* Release */,
			);
			defaultConfigurationIsVisible = 0;
			defaultConfigurationName = Release;
		};
/* End XCConfigurationList section */
	};
	rootObject = 5AAD74142BE5313E001D353B /* Project object */;
}
